
Microsoft Visual Studio Solution File, Format Version 12.00
# Visual Studio Version 16
VisualStudioVersion = 16.0.29424.173
MinimumVisualStudioVersion = 10.0.40219.1
Project("{2150E333-8FDC-42A3-9474-1A3956D46DE8}") = "Injectors", "Injectors", "{31A1C061-3288-4E0E-9835-7CC243430D90}"
EndProject
Project("{9A19103F-16F7-4668-BE54-9A1E7A4F7556}") = "Injectors.Sample", "Injectors.Sample\Injectors.Sample.csproj", "{00C775A6-F945-4C12-8C0A-C6D032BB179B}"
EndProject
Project("{9A19103F-16F7-4668-BE54-9A1E7A4F7556}") = "Injectors", "Injectors\Injectors.csproj", "{747F9763-F374-4DE6-ADFB-0DF2324BAE23}"
EndProject
Project("{9A19103F-16F7-4668-BE54-9A1E7A4F7556}") = "Injectors.Runner", "Injectors.Runner\Injectors.Runner.csproj", "{916CBE37-5ABC-4658-BB99-5F9EF8B14DFE}"
EndProject
Global
	GlobalSection(SolutionConfigurationPlatforms) = preSolution
		Debug|Any CPU = Debug|Any CPU
		Debug|x64 = Debug|x64
		Release|Any CPU = Release|Any CPU
		Release|x64 = Release|x64
	EndGlobalSection
	GlobalSection(ProjectConfigurationPlatforms) = postSolution
		{00C775A6-F945-4C12-8C0A-C6D032BB179B}.Debug|Any CPU.ActiveCfg = Debug|Any CPU
		{00C775A6-F945-4C12-8C0A-C6D032BB179B}.Debug|Any CPU.Build.0 = Debug|Any CPU
		{00C775A6-F945-4C12-8C0A-C6D032BB179B}.Debug|x64.ActiveCfg = Debug|x64
		{00C775A6-F945-4C12-8C0A-C6D032BB179B}.Debug|x64.Build.0 = Debug|x64
		{00C775A6-F945-4C12-8C0A-C6D032BB179B}.Release|Any CPU.ActiveCfg = Release|Any CPU
		{00C775A6-F945-4C12-8C0A-C6D032BB179B}.Release|Any CPU.Build.0 = Release|Any CPU
		{00C775A6-F945-4C12-8C0A-C6D032BB179B}.Release|x64.ActiveCfg = Release|x64
		{00C775A6-F945-4C12-8C0A-C6D032BB179B}.Release|x64.Build.0 = Release|x64
		{747F9763-F374-4DE6-ADFB-0DF2324BAE23}.Debug|Any CPU.ActiveCfg = Debug|Any CPU
		{747F9763-F374-4DE6-ADFB-0DF2324BAE23}.Debug|Any CPU.Build.0 = Debug|Any CPU
		{747F9763-F374-4DE6-ADFB-0DF2324BAE23}.Debug|x64.ActiveCfg = Debug|x64
		{747F9763-F374-4DE6-ADFB-0DF2324BAE23}.Debug|x64.Build.0 = Debug|x64
		{747F9763-F374-4DE6-ADFB-0DF2324BAE23}.Release|Any CPU.ActiveCfg = Release|Any CPU
		{747F9763-F374-4DE6-ADFB-0DF2324BAE23}.Release|Any CPU.Build.0 = Release|Any CPU
		{747F9763-F374-4DE6-ADFB-0DF2324BAE23}.Release|x64.ActiveCfg = Release|x64
		{747F9763-F374-4DE6-ADFB-0DF2324BAE23}.Release|x64.Build.0 = Release|x64
		{916CBE37-5ABC-4658-BB99-5F9EF8B14DFE}.Debug|Any CPU.ActiveCfg = Debug|Any CPU
		{916CBE37-5ABC-4658-BB99-5F9EF8B14DFE}.Debug|Any CPU.Build.0 = Debug|Any CPU
		{916CBE37-5ABC-4658-BB99-5F9EF8B14DFE}.Debug|x64.ActiveCfg = Debug|x64
		{916CBE37-5ABC-4658-BB99-5F9EF8B14DFE}.Debug|x64.Build.0 = Debug|x64
		{916CBE37-5ABC-4658-BB99-5F9EF8B14DFE}.Release|Any CPU.ActiveCfg = Release|Any CPU
		{916CBE37-5ABC-4658-BB99-5F9EF8B14DFE}.Release|Any CPU.Build.0 = Release|Any CPU
		{916CBE37-5ABC-4658-BB99-5F9EF8B14DFE}.Release|x64.ActiveCfg = Release|x64
		{916CBE37-5ABC-4658-BB99-5F9EF8B14DFE}.Release|x64.Build.0 = Release|x64
	EndGlobalSection
	GlobalSection(SolutionProperties) = preSolution
		HideSolutionNode = FALSE
	EndGlobalSection
	GlobalSection(NestedProjects) = preSolution
		{00C775A6-F945-4C12-8C0A-C6D032BB179B} = {31A1C061-3288-4E0E-9835-7CC243430D90}
		{747F9763-F374-4DE6-ADFB-0DF2324BAE23} = {31A1C061-3288-4E0E-9835-7CC243430D90}
		{916CBE37-5ABC-4658-BB99-5F9EF8B14DFE} = {31A1C061-3288-4E0E-9835-7CC243430D90}
	EndGlobalSection
	GlobalSection(ExtensibilityGlobals) = postSolution
		SolutionGuid = {37CDA7D5-7AEF-4398-A2C2-99A5150F5D9B}
	EndGlobalSection
EndGlobal
