
Microsoft Visual Studio Solution File, Format Version 12.00
# Visual Studio Version 16
VisualStudioVersion = 16.0.29424.173
MinimumVisualStudioVersion = 10.0.40219.1
Project("{2150E333-8FDC-42A3-9474-1A3956D46DE8}") = "Aspects", "Aspects", "{31A1C061-3288-4E0E-9835-7CC243430D90}"
EndProject
Project("{FAE04EC0-301F-11D3-BF4B-00C04F79EFBC}") = "PostSharp.Sample", "PostSharp.Sample\PostSharp.Sample.csproj", "{9BB36DC7-88EA-41F1-BCC8-B3C9B41CE095}"
EndProject
Project("{9A19103F-16F7-4668-BE54-9A1E7A4F7556}") = "Aspects", "Aspects\Aspects.csproj", "{705EF617-2690-4C73-A661-4711E668833D}"
EndProject
Project("{9A19103F-16F7-4668-BE54-9A1E7A4F7556}") = "Aspects.Injector", "Aspects.Injector\Aspects.Injector.csproj", "{B46A4B9E-4F3A-48F4-A8EF-EEABF00DE5C1}"
EndProject
Project("{9A19103F-16F7-4668-BE54-9A1E7A4F7556}") = "Aspects.Sample", "Aspects.Sample\Aspects.Sample.csproj", "{99B32BDA-E3C8-4BE9-9A05-58DD767E2E3B}"
EndProject
Project("{9A19103F-16F7-4668-BE54-9A1E7A4F7556}") = "Aspects.UnitTests", "Aspects.UnitTests\Aspects.UnitTests.csproj", "{F7A43735-C3E8-4E4C-856E-817F5ADAF826}"
EndProject
Project("{9A19103F-16F7-4668-BE54-9A1E7A4F7556}") = "Debugs", "Debugs\Debugs.csproj", "{6EB57A62-0103-482D-A917-5AA17DF92CA7}"
EndProject
Project("{2150E333-8FDC-42A3-9474-1A3956D46DE8}") = "Debugs", "Debugs", "{2EF6B52A-0BE5-414D-815C-F9494A8C74D5}"
EndProject
Project("{9A19103F-16F7-4668-BE54-9A1E7A4F7556}") = "Asserts", "Asserts\Asserts.csproj", "{55C4A276-E6A5-4AF5-9A77-3AA9F1A4D600}"
EndProject
Project("{9A19103F-16F7-4668-BE54-9A1E7A4F7556}") = "Asserts.UnitTests", "Asserts.UnitTests\Asserts.UnitTests.csproj", "{B6422EE7-A227-4FF2-88F5-19ED72CE89A6}"
EndProject
Project("{9A19103F-16F7-4668-BE54-9A1E7A4F7556}") = "Logger", "Logger\Logger.csproj", "{74003384-5994-4D80-B18C-8DFFB2C67887}"
EndProject
Project("{9A19103F-16F7-4668-BE54-9A1E7A4F7556}") = "Logger.UnitTests", "Logger.UnitTests\Logger.UnitTests.csproj", "{74F600FA-2EE5-4DDB-827A-C3B7EC538E15}"
EndProject
Global
	GlobalSection(SolutionConfigurationPlatforms) = preSolution
		Debug|Any CPU = Debug|Any CPU
		Debug|x64 = Debug|x64
		Debug|x86 = Debug|x86
		Release|Any CPU = Release|Any CPU
		Release|x64 = Release|x64
		Release|x86 = Release|x86
	EndGlobalSection
	GlobalSection(ProjectConfigurationPlatforms) = postSolution
		{9BB36DC7-88EA-41F1-BCC8-B3C9B41CE095}.Debug|Any CPU.ActiveCfg = Debug|Any CPU
		{9BB36DC7-88EA-41F1-BCC8-B3C9B41CE095}.Debug|Any CPU.Build.0 = Debug|Any CPU
		{9BB36DC7-88EA-41F1-BCC8-B3C9B41CE095}.Debug|x64.ActiveCfg = Debug|x64
		{9BB36DC7-88EA-41F1-BCC8-B3C9B41CE095}.Debug|x64.Build.0 = Debug|x64
		{9BB36DC7-88EA-41F1-BCC8-B3C9B41CE095}.Debug|x86.ActiveCfg = Debug|Any CPU
		{9BB36DC7-88EA-41F1-BCC8-B3C9B41CE095}.Debug|x86.Build.0 = Debug|Any CPU
		{9BB36DC7-88EA-41F1-BCC8-B3C9B41CE095}.Release|Any CPU.ActiveCfg = Release|Any CPU
		{9BB36DC7-88EA-41F1-BCC8-B3C9B41CE095}.Release|Any CPU.Build.0 = Release|Any CPU
		{9BB36DC7-88EA-41F1-BCC8-B3C9B41CE095}.Release|x64.ActiveCfg = Release|x64
		{9BB36DC7-88EA-41F1-BCC8-B3C9B41CE095}.Release|x64.Build.0 = Release|x64
		{9BB36DC7-88EA-41F1-BCC8-B3C9B41CE095}.Release|x86.ActiveCfg = Release|Any CPU
		{9BB36DC7-88EA-41F1-BCC8-B3C9B41CE095}.Release|x86.Build.0 = Release|Any CPU
		{705EF617-2690-4C73-A661-4711E668833D}.Debug|Any CPU.ActiveCfg = Debug|Any CPU
		{705EF617-2690-4C73-A661-4711E668833D}.Debug|Any CPU.Build.0 = Debug|Any CPU
		{705EF617-2690-4C73-A661-4711E668833D}.Debug|x64.ActiveCfg = Debug|x64
		{705EF617-2690-4C73-A661-4711E668833D}.Debug|x64.Build.0 = Debug|x64
		{705EF617-2690-4C73-A661-4711E668833D}.Debug|x86.ActiveCfg = Debug|Any CPU
		{705EF617-2690-4C73-A661-4711E668833D}.Debug|x86.Build.0 = Debug|Any CPU
		{705EF617-2690-4C73-A661-4711E668833D}.Release|Any CPU.ActiveCfg = Release|Any CPU
		{705EF617-2690-4C73-A661-4711E668833D}.Release|Any CPU.Build.0 = Release|Any CPU
		{705EF617-2690-4C73-A661-4711E668833D}.Release|x64.ActiveCfg = Release|x64
		{705EF617-2690-4C73-A661-4711E668833D}.Release|x64.Build.0 = Release|x64
		{705EF617-2690-4C73-A661-4711E668833D}.Release|x86.ActiveCfg = Release|Any CPU
		{705EF617-2690-4C73-A661-4711E668833D}.Release|x86.Build.0 = Release|Any CPU
		{B46A4B9E-4F3A-48F4-A8EF-EEABF00DE5C1}.Debug|Any CPU.ActiveCfg = Debug|Any CPU
		{B46A4B9E-4F3A-48F4-A8EF-EEABF00DE5C1}.Debug|Any CPU.Build.0 = Debug|Any CPU
		{B46A4B9E-4F3A-48F4-A8EF-EEABF00DE5C1}.Debug|x64.ActiveCfg = Debug|x64
		{B46A4B9E-4F3A-48F4-A8EF-EEABF00DE5C1}.Debug|x64.Build.0 = Debug|x64
		{B46A4B9E-4F3A-48F4-A8EF-EEABF00DE5C1}.Debug|x86.ActiveCfg = Debug|Any CPU
		{B46A4B9E-4F3A-48F4-A8EF-EEABF00DE5C1}.Debug|x86.Build.0 = Debug|Any CPU
		{B46A4B9E-4F3A-48F4-A8EF-EEABF00DE5C1}.Release|Any CPU.ActiveCfg = Release|Any CPU
		{B46A4B9E-4F3A-48F4-A8EF-EEABF00DE5C1}.Release|Any CPU.Build.0 = Release|Any CPU
		{B46A4B9E-4F3A-48F4-A8EF-EEABF00DE5C1}.Release|x64.ActiveCfg = Release|x64
		{B46A4B9E-4F3A-48F4-A8EF-EEABF00DE5C1}.Release|x64.Build.0 = Release|x64
		{B46A4B9E-4F3A-48F4-A8EF-EEABF00DE5C1}.Release|x86.ActiveCfg = Release|Any CPU
		{B46A4B9E-4F3A-48F4-A8EF-EEABF00DE5C1}.Release|x86.Build.0 = Release|Any CPU
		{99B32BDA-E3C8-4BE9-9A05-58DD767E2E3B}.Debug|Any CPU.ActiveCfg = Debug|Any CPU
		{99B32BDA-E3C8-4BE9-9A05-58DD767E2E3B}.Debug|Any CPU.Build.0 = Debug|Any CPU
		{99B32BDA-E3C8-4BE9-9A05-58DD767E2E3B}.Debug|x64.ActiveCfg = Debug|x64
		{99B32BDA-E3C8-4BE9-9A05-58DD767E2E3B}.Debug|x64.Build.0 = Debug|x64
		{99B32BDA-E3C8-4BE9-9A05-58DD767E2E3B}.Debug|x86.ActiveCfg = Debug|Any CPU
		{99B32BDA-E3C8-4BE9-9A05-58DD767E2E3B}.Debug|x86.Build.0 = Debug|Any CPU
		{99B32BDA-E3C8-4BE9-9A05-58DD767E2E3B}.Release|Any CPU.ActiveCfg = Release|Any CPU
		{99B32BDA-E3C8-4BE9-9A05-58DD767E2E3B}.Release|Any CPU.Build.0 = Release|Any CPU
		{99B32BDA-E3C8-4BE9-9A05-58DD767E2E3B}.Release|x64.ActiveCfg = Release|x64
		{99B32BDA-E3C8-4BE9-9A05-58DD767E2E3B}.Release|x64.Build.0 = Release|x64
		{99B32BDA-E3C8-4BE9-9A05-58DD767E2E3B}.Release|x86.ActiveCfg = Release|Any CPU
		{99B32BDA-E3C8-4BE9-9A05-58DD767E2E3B}.Release|x86.Build.0 = Release|Any CPU
		{F7A43735-C3E8-4E4C-856E-817F5ADAF826}.Debug|Any CPU.ActiveCfg = Debug|Any CPU
		{F7A43735-C3E8-4E4C-856E-817F5ADAF826}.Debug|Any CPU.Build.0 = Debug|Any CPU
		{F7A43735-C3E8-4E4C-856E-817F5ADAF826}.Debug|x64.ActiveCfg = Debug|x64
		{F7A43735-C3E8-4E4C-856E-817F5ADAF826}.Debug|x64.Build.0 = Debug|x64
		{F7A43735-C3E8-4E4C-856E-817F5ADAF826}.Debug|x86.ActiveCfg = Debug|Any CPU
		{F7A43735-C3E8-4E4C-856E-817F5ADAF826}.Debug|x86.Build.0 = Debug|Any CPU
		{F7A43735-C3E8-4E4C-856E-817F5ADAF826}.Release|Any CPU.ActiveCfg = Release|Any CPU
		{F7A43735-C3E8-4E4C-856E-817F5ADAF826}.Release|Any CPU.Build.0 = Release|Any CPU
		{F7A43735-C3E8-4E4C-856E-817F5ADAF826}.Release|x64.ActiveCfg = Release|x64
		{F7A43735-C3E8-4E4C-856E-817F5ADAF826}.Release|x64.Build.0 = Release|x64
		{F7A43735-C3E8-4E4C-856E-817F5ADAF826}.Release|x86.ActiveCfg = Release|Any CPU
		{F7A43735-C3E8-4E4C-856E-817F5ADAF826}.Release|x86.Build.0 = Release|Any CPU
		{6EB57A62-0103-482D-A917-5AA17DF92CA7}.Debug|Any CPU.ActiveCfg = Debug|Any CPU
		{6EB57A62-0103-482D-A917-5AA17DF92CA7}.Debug|Any CPU.Build.0 = Debug|Any CPU
		{6EB57A62-0103-482D-A917-5AA17DF92CA7}.Debug|x64.ActiveCfg = Debug|x64
		{6EB57A62-0103-482D-A917-5AA17DF92CA7}.Debug|x64.Build.0 = Debug|x64
		{6EB57A62-0103-482D-A917-5AA17DF92CA7}.Debug|x86.ActiveCfg = Debug|x86
		{6EB57A62-0103-482D-A917-5AA17DF92CA7}.Debug|x86.Build.0 = Debug|x86
		{6EB57A62-0103-482D-A917-5AA17DF92CA7}.Release|Any CPU.ActiveCfg = Release|Any CPU
		{6EB57A62-0103-482D-A917-5AA17DF92CA7}.Release|Any CPU.Build.0 = Release|Any CPU
		{6EB57A62-0103-482D-A917-5AA17DF92CA7}.Release|x64.ActiveCfg = Release|x64
		{6EB57A62-0103-482D-A917-5AA17DF92CA7}.Release|x64.Build.0 = Release|x64
		{6EB57A62-0103-482D-A917-5AA17DF92CA7}.Release|x86.ActiveCfg = Release|x86
		{6EB57A62-0103-482D-A917-5AA17DF92CA7}.Release|x86.Build.0 = Release|x86
		{55C4A276-E6A5-4AF5-9A77-3AA9F1A4D600}.Debug|Any CPU.ActiveCfg = Debug|Any CPU
		{55C4A276-E6A5-4AF5-9A77-3AA9F1A4D600}.Debug|Any CPU.Build.0 = Debug|Any CPU
		{55C4A276-E6A5-4AF5-9A77-3AA9F1A4D600}.Debug|x64.ActiveCfg = Debug|x64
		{55C4A276-E6A5-4AF5-9A77-3AA9F1A4D600}.Debug|x64.Build.0 = Debug|x64
		{55C4A276-E6A5-4AF5-9A77-3AA9F1A4D600}.Debug|x86.ActiveCfg = Debug|Any CPU
		{55C4A276-E6A5-4AF5-9A77-3AA9F1A4D600}.Debug|x86.Build.0 = Debug|Any CPU
		{55C4A276-E6A5-4AF5-9A77-3AA9F1A4D600}.Release|Any CPU.ActiveCfg = Release|Any CPU
		{55C4A276-E6A5-4AF5-9A77-3AA9F1A4D600}.Release|Any CPU.Build.0 = Release|Any CPU
		{55C4A276-E6A5-4AF5-9A77-3AA9F1A4D600}.Release|x64.ActiveCfg = Release|x64
		{55C4A276-E6A5-4AF5-9A77-3AA9F1A4D600}.Release|x64.Build.0 = Release|x64
		{55C4A276-E6A5-4AF5-9A77-3AA9F1A4D600}.Release|x86.ActiveCfg = Release|Any CPU
		{55C4A276-E6A5-4AF5-9A77-3AA9F1A4D600}.Release|x86.Build.0 = Release|Any CPU
		{B6422EE7-A227-4FF2-88F5-19ED72CE89A6}.Debug|Any CPU.ActiveCfg = Debug|Any CPU
		{B6422EE7-A227-4FF2-88F5-19ED72CE89A6}.Debug|Any CPU.Build.0 = Debug|Any CPU
		{B6422EE7-A227-4FF2-88F5-19ED72CE89A6}.Debug|x64.ActiveCfg = Debug|x64
		{B6422EE7-A227-4FF2-88F5-19ED72CE89A6}.Debug|x64.Build.0 = Debug|x64
		{B6422EE7-A227-4FF2-88F5-19ED72CE89A6}.Debug|x86.ActiveCfg = Debug|Any CPU
		{B6422EE7-A227-4FF2-88F5-19ED72CE89A6}.Debug|x86.Build.0 = Debug|Any CPU
		{B6422EE7-A227-4FF2-88F5-19ED72CE89A6}.Release|Any CPU.ActiveCfg = Release|Any CPU
		{B6422EE7-A227-4FF2-88F5-19ED72CE89A6}.Release|Any CPU.Build.0 = Release|Any CPU
		{B6422EE7-A227-4FF2-88F5-19ED72CE89A6}.Release|x64.ActiveCfg = Release|x64
		{B6422EE7-A227-4FF2-88F5-19ED72CE89A6}.Release|x64.Build.0 = Release|x64
		{B6422EE7-A227-4FF2-88F5-19ED72CE89A6}.Release|x86.ActiveCfg = Release|Any CPU
		{B6422EE7-A227-4FF2-88F5-19ED72CE89A6}.Release|x86.Build.0 = Release|Any CPU
		{74003384-5994-4D80-B18C-8DFFB2C67887}.Debug|Any CPU.ActiveCfg = Debug|Any CPU
		{74003384-5994-4D80-B18C-8DFFB2C67887}.Debug|Any CPU.Build.0 = Debug|Any CPU
		{74003384-5994-4D80-B18C-8DFFB2C67887}.Debug|x64.ActiveCfg = Debug|Any CPU
		{74003384-5994-4D80-B18C-8DFFB2C67887}.Debug|x64.Build.0 = Debug|Any CPU
		{74003384-5994-4D80-B18C-8DFFB2C67887}.Debug|x86.ActiveCfg = Debug|Any CPU
		{74003384-5994-4D80-B18C-8DFFB2C67887}.Debug|x86.Build.0 = Debug|Any CPU
		{74003384-5994-4D80-B18C-8DFFB2C67887}.Release|Any CPU.ActiveCfg = Release|Any CPU
		{74003384-5994-4D80-B18C-8DFFB2C67887}.Release|Any CPU.Build.0 = Release|Any CPU
		{74003384-5994-4D80-B18C-8DFFB2C67887}.Release|x64.ActiveCfg = Release|Any CPU
		{74003384-5994-4D80-B18C-8DFFB2C67887}.Release|x64.Build.0 = Release|Any CPU
		{74003384-5994-4D80-B18C-8DFFB2C67887}.Release|x86.ActiveCfg = Release|Any CPU
		{74003384-5994-4D80-B18C-8DFFB2C67887}.Release|x86.Build.0 = Release|Any CPU
		{74F600FA-2EE5-4DDB-827A-C3B7EC538E15}.Debug|Any CPU.ActiveCfg = Debug|Any CPU
		{74F600FA-2EE5-4DDB-827A-C3B7EC538E15}.Debug|Any CPU.Build.0 = Debug|Any CPU
		{74F600FA-2EE5-4DDB-827A-C3B7EC538E15}.Debug|x64.ActiveCfg = Debug|Any CPU
		{74F600FA-2EE5-4DDB-827A-C3B7EC538E15}.Debug|x64.Build.0 = Debug|Any CPU
		{74F600FA-2EE5-4DDB-827A-C3B7EC538E15}.Debug|x86.ActiveCfg = Debug|Any CPU
		{74F600FA-2EE5-4DDB-827A-C3B7EC538E15}.Debug|x86.Build.0 = Debug|Any CPU
		{74F600FA-2EE5-4DDB-827A-C3B7EC538E15}.Release|Any CPU.ActiveCfg = Release|Any CPU
		{74F600FA-2EE5-4DDB-827A-C3B7EC538E15}.Release|Any CPU.Build.0 = Release|Any CPU
		{74F600FA-2EE5-4DDB-827A-C3B7EC538E15}.Release|x64.ActiveCfg = Release|Any CPU
		{74F600FA-2EE5-4DDB-827A-C3B7EC538E15}.Release|x64.Build.0 = Release|Any CPU
		{74F600FA-2EE5-4DDB-827A-C3B7EC538E15}.Release|x86.ActiveCfg = Release|Any CPU
		{74F600FA-2EE5-4DDB-827A-C3B7EC538E15}.Release|x86.Build.0 = Release|Any CPU
	EndGlobalSection
	GlobalSection(SolutionProperties) = preSolution
		HideSolutionNode = FALSE
	EndGlobalSection
	GlobalSection(NestedProjects) = preSolution
		{9BB36DC7-88EA-41F1-BCC8-B3C9B41CE095} = {31A1C061-3288-4E0E-9835-7CC243430D90}
		{705EF617-2690-4C73-A661-4711E668833D} = {31A1C061-3288-4E0E-9835-7CC243430D90}
		{B46A4B9E-4F3A-48F4-A8EF-EEABF00DE5C1} = {31A1C061-3288-4E0E-9835-7CC243430D90}
		{99B32BDA-E3C8-4BE9-9A05-58DD767E2E3B} = {31A1C061-3288-4E0E-9835-7CC243430D90}
		{F7A43735-C3E8-4E4C-856E-817F5ADAF826} = {31A1C061-3288-4E0E-9835-7CC243430D90}
		{6EB57A62-0103-482D-A917-5AA17DF92CA7} = {2EF6B52A-0BE5-414D-815C-F9494A8C74D5}
		{55C4A276-E6A5-4AF5-9A77-3AA9F1A4D600} = {2EF6B52A-0BE5-414D-815C-F9494A8C74D5}
		{B6422EE7-A227-4FF2-88F5-19ED72CE89A6} = {2EF6B52A-0BE5-414D-815C-F9494A8C74D5}
		{74003384-5994-4D80-B18C-8DFFB2C67887} = {2EF6B52A-0BE5-414D-815C-F9494A8C74D5}
		{74F600FA-2EE5-4DDB-827A-C3B7EC538E15} = {2EF6B52A-0BE5-414D-815C-F9494A8C74D5}
	EndGlobalSection
	GlobalSection(ExtensibilityGlobals) = postSolution
		SolutionGuid = {37CDA7D5-7AEF-4398-A2C2-99A5150F5D9B}
	EndGlobalSection
EndGlobal
